
Microsoft Visual Studio Solution File, Format Version 12.00
# Visual Studio Version 17
VisualStudioVersion = 17.7.34031.279
MinimumVisualStudioVersion = 10.0.40219.1
Project("{FAE04EC0-301F-11D3-BF4B-00C04F79EFBC}") = "WinFormsApp1", "WinFormsApp1\WinFormsApp1.csproj", "{BD63C861-1D7D-4BBC-92A2-8469766C211C}"
EndProject
Global
	GlobalSection(SolutionConfigurationPlatforms) = preSolution
		Debug|Any CPU = Debug|Any CPU
		Release|Any CPU = Release|Any CPU
	EndGlobalSection
	GlobalSection(ProjectConfigurationPlatforms) = postSolution
		{BD63C861-1D7D-4BBC-92A2-8469766C211C}.Debug|Any CPU.ActiveCfg = Debug|Any CPU
		{BD63C861-1D7D-4BBC-92A2-8469766C211C}.Debug|Any CPU.Build.0 = Debug|Any CPU
		{BD63C861-1D7D-4BBC-92A2-8469766C211C}.Release|Any CPU.ActiveCfg = Release|Any CPU
		{BD63C861-1D7D-4BBC-92A2-8469766C211C}.Release|Any CPU.Build.0 = Release|Any CPU
	EndGlobalSection
	GlobalSection(SolutionProperties) = preSolution
		HideSolutionNode = FALSE
	EndGlobalSection
	GlobalSection(ExtensibilityGlobals) = postSolution
		SolutionGuid = {EDAF23C0-660A-4EC7-AAA7-4389B1DC808E}
	EndGlobalSection
EndGlobal
